// !$*UTF8*$!
{
	archiveVersion = 1;
	classes = {
	};
	objectVersion = 56;
	objects = {

/* Begin PBXBuildFile section */
		B3139C1E2ACD17B900271F81 /* iv1.mp4 in Resources */ = {isa = PBXBuildFile; fileRef = B3139C1D2ACD17B900271F81 /* iv1.mp4 */; };
		B3139C202ACD321D00271F81 /* PagerView.swift in Sources */ = {isa = PBXBuildFile; fileRef = B3139C1F2ACD321D00271F81 /* PagerView.swift */; };
		B3139C262ACD806E00271F81 /* iv3.mp4 in Resources */ = {isa = PBXBuildFile; fileRef = B3139C252ACD806E00271F81 /* iv3.mp4 */; };
		B3B28E0C2ACAC08D00AE53B3 /* InteractiveIntroApp.swift in Sources */ = {isa = PBXBuildFile; fileRef = B3B28E0B2ACAC08D00AE53B3 /* InteractiveIntroApp.swift */; };
		B3B28E0E2ACAC08D00AE53B3 /* ContentView.swift in Sources */ = {isa = PBXBuildFile; fileRef = B3B28E0D2ACAC08D00AE53B3 /* ContentView.swift */; };
		B3B28E102ACAC08D00AE53B3 /* Item.swift in Sources */ = {isa = PBXBuildFile; fileRef = B3B28E0F2ACAC08D00AE53B3 /* Item.swift */; };
		B3B28E122ACAC08E00AE53B3 /* Assets.xcassets in Resources */ = {isa = PBXBuildFile; fileRef = B3B28E112ACAC08E00AE53B3 /* Assets.xcassets */; };
		B3B28E162ACAC08E00AE53B3 /* Preview Assets.xcassets in Resources */ = {isa = PBXBuildFile; fileRef = B3B28E152ACAC08E00AE53B3 /* Preview Assets.xcassets */; };
		B3B28E1D2ACAE3F600AE53B3 /* IntroVideoView.swift in Sources */ = {isa = PBXBuildFile; fileRef = B3B28E1C2ACAE3F600AE53B3 /* IntroVideoView.swift */; };
		B3B28E1F2ACAEBBA00AE53B3 /* SplashView.swift in Sources */ = {isa = PBXBuildFile; fileRef = B3B28E1E2ACAEBBA00AE53B3 /* SplashView.swift */; };
		B3CFD1572ACC1B490059F463 /* VideoFooterView.swift in Sources */ = {isa = PBXBuildFile; fileRef = B3CFD1562ACC1B490059F463 /* VideoFooterView.swift */; };
		B3CFD1592ACC22970059F463 /* View+Extensions.swift in Sources */ = {isa = PBXBuildFile; fileRef = B3CFD1582ACC22970059F463 /* View+Extensions.swift */; };
		B3CFD15C2ACC32710059F463 /* iv2.mp4 in Resources */ = {isa = PBXBuildFile; fileRef = B3CFD15B2ACC32710059F463 /* iv2.mp4 */; };
/* End PBXBuildFile section */

/* Begin PBXFileReference section */
		B3139C1D2ACD17B900271F81 /* iv1.mp4 */ = {isa = PBXFileReference; lastKnownFileType = file; path = iv1.mp4; sourceTree = "<group>"; };
		B3139C1F2ACD321D00271F81 /* PagerView.swift */ = {isa = PBXFileReference; lastKnownFileType = sourcecode.swift; path = PagerView.swift; sourceTree = "<group>"; };
		B3139C252ACD806E00271F81 /* iv3.mp4 */ = {isa = PBXFileReference; lastKnownFileType = file; path = iv3.mp4; sourceTree = "<group>"; };
		B3B28E082ACAC08D00AE53B3 /* InteractiveIntro.app */ = {isa = PBXFileReference; explicitFileType = wrapper.application; includeInIndex = 0; path = InteractiveIntro.app; sourceTree = BUILT_PRODUCTS_DIR; };
		B3B28E0B2ACAC08D00AE53B3 /* InteractiveIntroApp.swift */ = {isa = PBXFileReference; lastKnownFileType = sourcecode.swift; path = InteractiveIntroApp.swift; sourceTree = "<group>"; };
		B3B28E0D2ACAC08D00AE53B3 /* ContentView.swift */ = {isa = PBXFileReference; lastKnownFileType = sourcecode.swift; path = ContentView.swift; sourceTree = "<group>"; };
		B3B28E0F2ACAC08D00AE53B3 /* Item.swift */ = {isa = PBXFileReference; lastKnownFileType = sourcecode.swift; path = Item.swift; sourceTree = "<group>"; };
		B3B28E112ACAC08E00AE53B3 /* Assets.xcassets */ = {isa = PBXFileReference; lastKnownFileType = folder.assetcatalog; path = Assets.xcassets; sourceTree = "<group>"; };
		B3B28E132ACAC08E00AE53B3 /* InteractiveIntro.entitlements */ = {isa = PBXFileReference; lastKnownFileType = text.plist.entitlements; path = InteractiveIntro.entitlements; sourceTree = "<group>"; };
		B3B28E152ACAC08E00AE53B3 /* Preview Assets.xcassets */ = {isa = PBXFileReference; lastKnownFileType = folder.assetcatalog; path = "Preview Assets.xcassets"; sourceTree = "<group>"; };
		B3B28E1C2ACAE3F600AE53B3 /* IntroVideoView.swift */ = {isa = PBXFileReference; lastKnownFileType = sourcecode.swift; path = IntroVideoView.swift; sourceTree = "<group>"; };
		B3B28E1E2ACAEBBA00AE53B3 /* SplashView.swift */ = {isa = PBXFileReference; lastKnownFileType = sourcecode.swift; path = SplashView.swift; sourceTree = "<group>"; };
		B3CFD1562ACC1B490059F463 /* VideoFooterView.swift */ = {isa = PBXFileReference; lastKnownFileType = sourcecode.swift; path = VideoFooterView.swift; sourceTree = "<group>"; };
		B3CFD1582ACC22970059F463 /* View+Extensions.swift */ = {isa = PBXFileReference; lastKnownFileType = sourcecode.swift; path = "View+Extensions.swift"; sourceTree = "<group>"; };
		B3CFD15B2ACC32710059F463 /* iv2.mp4 */ = {isa = PBXFileReference; lastKnownFileType = file; path = iv2.mp4; sourceTree = "<group>"; };
/* End PBXFileReference section */

/* Begin PBXFrameworksBuildPhase section */
		B3B28E052ACAC08D00AE53B3 /* Frameworks */ = {
			isa = PBXFrameworksBuildPhase;
			buildActionMask = 2147483647;
			files = (
			);
			runOnlyForDeploymentPostprocessing = 0;
		};
/* End PBXFrameworksBuildPhase section */

/* Begin PBXGroup section */
		B3B28DFF2ACAC08D00AE53B3 = {
			isa = PBXGroup;
			children = (
				B3B28E0A2ACAC08D00AE53B3 /* InteractiveIntro */,
				B3B28E092ACAC08D00AE53B3 /* Products */,
			);
			sourceTree = "<group>";
		};
		B3B28E092ACAC08D00AE53B3 /* Products */ = {
			isa = PBXGroup;
			children = (
				B3B28E082ACAC08D00AE53B3 /* InteractiveIntro.app */,
			);
			name = Products;
			sourceTree = "<group>";
		};
		B3B28E0A2ACAC08D00AE53B3 /* InteractiveIntro */ = {
			isa = PBXGroup;
			children = (
				B3CFD15A2ACC22F80059F463 /* Extensions */,
				B3CFD1542ACC17B30059F463 /* Resources */,
				B3B28E0B2ACAC08D00AE53B3 /* InteractiveIntroApp.swift */,
				B3B28E212ACAEE1D00AE53B3 /* View */,
				B3B28E202ACAEE0F00AE53B3 /* Model */,
				B3B28E112ACAC08E00AE53B3 /* Assets.xcassets */,
				B3B28E132ACAC08E00AE53B3 /* InteractiveIntro.entitlements */,
				B3B28E142ACAC08E00AE53B3 /* Preview Content */,
			);
			path = InteractiveIntro;
			sourceTree = "<group>";
		};
		B3B28E142ACAC08E00AE53B3 /* Preview Content */ = {
			isa = PBXGroup;
			children = (
				B3B28E152ACAC08E00AE53B3 /* Preview Assets.xcassets */,
			);
			path = "Preview Content";
			sourceTree = "<group>";
		};
		B3B28E202ACAEE0F00AE53B3 /* Model */ = {
			isa = PBXGroup;
			children = (
				B3B28E0F2ACAC08D00AE53B3 /* Item.swift */,
			);
			path = Model;
			sourceTree = "<group>";
		};
		B3B28E212ACAEE1D00AE53B3 /* View */ = {
			isa = PBXGroup;
			children = (
				B3B28E0D2ACAC08D00AE53B3 /* ContentView.swift */,
				B3B28E1C2ACAE3F600AE53B3 /* IntroVideoView.swift */,
				B3B28E1E2ACAEBBA00AE53B3 /* SplashView.swift */,
				B3CFD1562ACC1B490059F463 /* VideoFooterView.swift */,
				B3139C1F2ACD321D00271F81 /* PagerView.swift */,
			);
			path = View;
			sourceTree = "<group>";
		};
		B3CFD1542ACC17B30059F463 /* Resources */ = {
			isa = PBXGroup;
			children = (
				B3139C1D2ACD17B900271F81 /* iv1.mp4 */,
				B3CFD15B2ACC32710059F463 /* iv2.mp4 */,
				B3139C252ACD806E00271F81 /* iv3.mp4 */,
			);
			path = Resources;
			sourceTree = "<group>";
		};
		B3CFD15A2ACC22F80059F463 /* Extensions */ = {
			isa = PBXGroup;
			children = (
				B3CFD1582ACC22970059F463 /* View+Extensions.swift */,
			);
			path = Extensions;
			sourceTree = "<group>";
		};
/* End PBXGroup section */

/* Begin PBXNativeTarget section */
		B3B28E072ACAC08D00AE53B3 /* InteractiveIntro */ = {
			isa = PBXNativeTarget;
			buildConfigurationList = B3B28E192ACAC08E00AE53B3 /* Build configuration list for PBXNativeTarget "InteractiveIntro" */;
			buildPhases = (
				B3B28E042ACAC08D00AE53B3 /* Sources */,
				B3B28E052ACAC08D00AE53B3 /* Frameworks */,
				B3B28E062ACAC08D00AE53B3 /* Resources */,
			);
			buildRules = (
			);
			dependencies = (
			);
			name = InteractiveIntro;
			productName = InteractiveIntro;
			productReference = B3B28E082ACAC08D00AE53B3 /* InteractiveIntro.app */;
			productType = "com.apple.product-type.application";
		};
/* End PBXNativeTarget section */

/* Begin PBXProject section */
		B3B28E002ACAC08D00AE53B3 /* Project object */ = {
			isa = PBXProject;
			attributes = {
				BuildIndependentTargetsInParallel = 1;
				LastSwiftUpdateCheck = 1500;
				LastUpgradeCheck = 1500;
				TargetAttributes = {
					B3B28E072ACAC08D00AE53B3 = {
						CreatedOnToolsVersion = 15.0;
					};
				};
			};
			buildConfigurationList = B3B28E032ACAC08D00AE53B3 /* Build configuration list for PBXProject "InteractiveIntro" */;
			compatibilityVersion = "Xcode 14.0";
			developmentRegion = en;
			hasScannedForEncodings = 0;
			knownRegions = (
				en,
				Base,
			);
			mainGroup = B3B28DFF2ACAC08D00AE53B3;
			productRefGroup = B3B28E092ACAC08D00AE53B3 /* Products */;
			projectDirPath = "";
			projectRoot = "";
			targets = (
				B3B28E072ACAC08D00AE53B3 /* InteractiveIntro */,
			);
		};
/* End PBXProject section */

/* Begin PBXResourcesBuildPhase section */
		B3B28E062ACAC08D00AE53B3 /* Resources */ = {
			isa = PBXResourcesBuildPhase;
			buildActionMask = 2147483647;
			files = (
				B3139C262ACD806E00271F81 /* iv3.mp4 in Resources */,
				B3139C1E2ACD17B900271F81 /* iv1.mp4 in Resources */,
				B3CFD15C2ACC32710059F463 /* iv2.mp4 in Resources */,
				B3B28E162ACAC08E00AE53B3 /* Preview Assets.xcassets in Resources */,
				B3B28E122ACAC08E00AE53B3 /* Assets.xcassets in Resources */,
			);
			runOnlyForDeploymentPostprocessing = 0;
		};
/* End PBXResourcesBuildPhase section */

/* Begin PBXSourcesBuildPhase section */
		B3B28E042ACAC08D00AE53B3 /* Sources */ = {
			isa = PBXSourcesBuildPhase;
			buildActionMask = 2147483647;
			files = (
				B3B28E0E2ACAC08D00AE53B3 /* ContentView.swift in Sources */,
				B3B28E1D2ACAE3F600AE53B3 /* IntroVideoView.swift in Sources */,
				B3B28E1F2ACAEBBA00AE53B3 /* SplashView.swift in Sources */,
				B3B28E102ACAC08D00AE53B3 /* Item.swift in Sources */,
				B3139C202ACD321D00271F81 /* PagerView.swift in Sources */,
				B3B28E0C2ACAC08D00AE53B3 /* InteractiveIntroApp.swift in Sources */,
				B3CFD1572ACC1B490059F463 /* VideoFooterView.swift in Sources */,
				B3CFD1592ACC22970059F463 /* View+Extensions.swift in Sources */,
			);
			runOnlyForDeploymentPostprocessing = 0;
		};
/* End PBXSourcesBuildPhase section */

/* Begin XCBuildConfiguration section */
		B3B28E172ACAC08E00AE53B3 /* Debug */ = {
			isa = XCBuildConfiguration;
			buildSettings = {
				ALWAYS_SEARCH_USER_PATHS = NO;
				ASSETCATALOG_COMPILER_GENERATE_SWIFT_ASSET_SYMBOL_EXTENSIONS = YES;
				CLANG_ANALYZER_NONNULL = YES;
				CLANG_ANALYZER_NUMBER_OBJECT_CONVERSION = YES_AGGRESSIVE;
				CLANG_CXX_LANGUAGE_STANDARD = "gnu++20";
				CLANG_ENABLE_MODULES = YES;
				CLANG_ENABLE_OBJC_ARC = YES;
				CLANG_ENABLE_OBJC_WEAK = YES;
				CLANG_WARN_BLOCK_CAPTURE_AUTORELEASING = YES;
				CLANG_WARN_BOOL_CONVERSION = YES;
				CLANG_WARN_COMMA = YES;
				CLANG_WARN_CONSTANT_CONVERSION = YES;
				CLANG_WARN_DEPRECATED_OBJC_IMPLEMENTATIONS = YES;
				CLANG_WARN_DIRECT_OBJC_ISA_USAGE = YES_ERROR;
				CLANG_WARN_DOCUMENTATION_COMMENTS = YES;
				CLANG_WARN_EMPTY_BODY = YES;
				CLANG_WARN_ENUM_CONVERSION = YES;
				CLANG_WARN_INFINITE_RECURSION = YES;
				CLANG_WARN_INT_CONVERSION = YES;
				CLANG_WARN_NON_LITERAL_NULL_CONVERSION = YES;
				CLANG_WARN_OBJC_IMPLICIT_RETAIN_SELF = YES;
				CLANG_WARN_OBJC_LITERAL_CONVERSION = YES;
				CLANG_WARN_OBJC_ROOT_CLASS = YES_ERROR;
				CLANG_WARN_QUOTED_INCLUDE_IN_FRAMEWORK_HEADER = YES;
				CLANG_WARN_RANGE_LOOP_ANALYSIS = YES;
				CLANG_WARN_STRICT_PROTOTYPES = YES;
				CLANG_WARN_SUSPICIOUS_MOVE = YES;
				CLANG_WARN_UNGUARDED_AVAILABILITY = YES_AGGRESSIVE;
				CLANG_WARN_UNREACHABLE_CODE = YES;
				CLANG_WARN__DUPLICATE_METHOD_MATCH = YES;
				COPY_PHASE_STRIP = NO;
				DEBUG_INFORMATION_FORMAT = dwarf;
				ENABLE_STRICT_OBJC_MSGSEND = YES;
				ENABLE_TESTABILITY = YES;
				ENABLE_USER_SCRIPT_SANDBOXING = YES;
				GCC_C_LANGUAGE_STANDARD = gnu17;
				GCC_DYNAMIC_NO_PIC = NO;
				GCC_NO_COMMON_BLOCKS = YES;
				GCC_OPTIMIZATION_LEVEL = 0;
				GCC_PREPROCESSOR_DEFINITIONS = (
					"DEBUG=1",
					"$(inherited)",
				);
				GCC_WARN_64_TO_32_BIT_CONVERSION = YES;
				GCC_WARN_ABOUT_RETURN_TYPE = YES_ERROR;
				GCC_WARN_UNDECLARED_SELECTOR = YES;
				GCC_WARN_UNINITIALIZED_AUTOS = YES_AGGRESSIVE;
				GCC_WARN_UNUSED_FUNCTION = YES;
				GCC_WARN_UNUSED_VARIABLE = YES;
				LOCALIZATION_PREFERS_STRING_CATALOGS = YES;
				MTL_ENABLE_DEBUG_INFO = INCLUDE_SOURCE;
				MTL_FAST_MATH = YES;
				ONLY_ACTIVE_ARCH = YES;
				SWIFT_ACTIVE_COMPILATION_CONDITIONS = "DEBUG $(inherited)";
				SWIFT_OPTIMIZATION_LEVEL = "-Onone";
			};
			name = Debug;
		};
		B3B28E182ACAC08E00AE53B3 /* Release */ = {
			isa = XCBuildConfiguration;
			buildSettings = {
				ALWAYS_SEARCH_USER_PATHS = NO;
				ASSETCATALOG_COMPILER_GENERATE_SWIFT_ASSET_SYMBOL_EXTENSIONS = YES;
				CLANG_ANALYZER_NONNULL = YES;
				CLANG_ANALYZER_NUMBER_OBJECT_CONVERSION = YES_AGGRESSIVE;
				CLANG_CXX_LANGUAGE_STANDARD = "gnu++20";
				CLANG_ENABLE_MODULES = YES;
				CLANG_ENABLE_OBJC_ARC = YES;
				CLANG_ENABLE_OBJC_WEAK = YES;
				CLANG_WARN_BLOCK_CAPTURE_AUTORELEASING = YES;
				CLANG_WARN_BOOL_CONVERSION = YES;
				CLANG_WARN_COMMA = YES;
				CLANG_WARN_CONSTANT_CONVERSION = YES;
				CLANG_WARN_DEPRECATED_OBJC_IMPLEMENTATIONS = YES;
				CLANG_WARN_DIRECT_OBJC_ISA_USAGE = YES_ERROR;
				CLANG_WARN_DOCUMENTATION_COMMENTS = YES;
				CLANG_WARN_EMPTY_BODY = YES;
				CLANG_WARN_ENUM_CONVERSION = YES;
				CLANG_WARN_INFINITE_RECURSION = YES;
				CLANG_WARN_INT_CONVERSION = YES;
				CLANG_WARN_NON_LITERAL_NULL_CONVERSION = YES;
				CLANG_WARN_OBJC_IMPLICIT_RETAIN_SELF = YES;
				CLANG_WARN_OBJC_LITERAL_CONVERSION = YES;
				CLANG_WARN_OBJC_ROOT_CLASS = YES_ERROR;
				CLANG_WARN_QUOTED_INCLUDE_IN_FRAMEWORK_HEADER = YES;
				CLANG_WARN_RANGE_LOOP_ANALYSIS = YES;
				CLANG_WARN_STRICT_PROTOTYPES = YES;
				CLANG_WARN_SUSPICIOUS_MOVE = YES;
				CLANG_WARN_UNGUARDED_AVAILABILITY = YES_AGGRESSIVE;
				CLANG_WARN_UNREACHABLE_CODE = YES;
				CLANG_WARN__DUPLICATE_METHOD_MATCH = YES;
				COPY_PHASE_STRIP = NO;
				DEBUG_INFORMATION_FORMAT = "dwarf-with-dsym";
				ENABLE_NS_ASSERTIONS = NO;
				ENABLE_STRICT_OBJC_MSGSEND = YES;
				ENABLE_USER_SCRIPT_SANDBOXING = YES;
				GCC_C_LANGUAGE_STANDARD = gnu17;
				GCC_NO_COMMON_BLOCKS = YES;
				GCC_WARN_64_TO_32_BIT_CONVERSION = YES;
				GCC_WARN_ABOUT_RETURN_TYPE = YES_ERROR;
				GCC_WARN_UNDECLARED_SELECTOR = YES;
				GCC_WARN_UNINITIALIZED_AUTOS = YES_AGGRESSIVE;
				GCC_WARN_UNUSED_FUNCTION = YES;
				GCC_WARN_UNUSED_VARIABLE = YES;
				LOCALIZATION_PREFERS_STRING_CATALOGS = YES;
				MTL_ENABLE_DEBUG_INFO = NO;
				MTL_FAST_MATH = YES;
				SWIFT_COMPILATION_MODE = wholemodule;
			};
			name = Release;
		};
		B3B28E1A2ACAC08E00AE53B3 /* Debug */ = {
			isa = XCBuildConfiguration;
			buildSettings = {
				ASSETCATALOG_COMPILER_APPICON_NAME = AppIcon;
				ASSETCATALOG_COMPILER_GLOBAL_ACCENT_COLOR_NAME = AccentColor;
				CODE_SIGN_ENTITLEMENTS = InteractiveIntro/InteractiveIntro.entitlements;
				CODE_SIGN_STYLE = Automatic;
				CURRENT_PROJECT_VERSION = 1;
				DEVELOPMENT_ASSET_PATHS = "\"InteractiveIntro/Preview Content\"";
				ENABLE_PREVIEWS = YES;
				GENERATE_INFOPLIST_FILE = YES;
				"INFOPLIST_KEY_UIApplicationSceneManifest_Generation[sdk=iphoneos*]" = YES;
				"INFOPLIST_KEY_UIApplicationSceneManifest_Generation[sdk=iphonesimulator*]" = YES;
				"INFOPLIST_KEY_UIApplicationSupportsIndirectInputEvents[sdk=iphoneos*]" = YES;
				"INFOPLIST_KEY_UIApplicationSupportsIndirectInputEvents[sdk=iphonesimulator*]" = YES;
				"INFOPLIST_KEY_UILaunchScreen_Generation[sdk=iphoneos*]" = YES;
				"INFOPLIST_KEY_UILaunchScreen_Generation[sdk=iphonesimulator*]" = YES;
				"INFOPLIST_KEY_UIStatusBarStyle[sdk=iphoneos*]" = UIStatusBarStyleDefault;
				"INFOPLIST_KEY_UIStatusBarStyle[sdk=iphonesimulator*]" = UIStatusBarStyleDefault;
				INFOPLIST_KEY_UISupportedInterfaceOrientations_iPad = "UIInterfaceOrientationPortrait UIInterfaceOrientationPortraitUpsideDown UIInterfaceOrientationLandscapeLeft UIInterfaceOrientationLandscapeRight";
				INFOPLIST_KEY_UISupportedInterfaceOrientations_iPhone = "UIInterfaceOrientationPortrait UIInterfaceOrientationLandscapeLeft UIInterfaceOrientationLandscapeRight";
				IPHONEOS_DEPLOYMENT_TARGET = 17.0;
				LD_RUNPATH_SEARCH_PATHS = "@executable_path/Frameworks";
				"LD_RUNPATH_SEARCH_PATHS[sdk=macosx*]" = "@executable_path/../Frameworks";
				MACOSX_DEPLOYMENT_TARGET = 14.0;
				MARKETING_VERSION = 1.0;
				PRODUCT_BUNDLE_IDENTIFIER = com.test.InteractiveIntro.InteractiveIntro;
				PRODUCT_NAME = "$(TARGET_NAME)";
				SDKROOT = auto;
				SUPPORTED_PLATFORMS = "iphoneos iphonesimulator macosx";
				SWIFT_EMIT_LOC_STRINGS = YES;
				SWIFT_VERSION = 5.0;
				TARGETED_DEVICE_FAMILY = "1,2";
			};
			name = Debug;
		};
		B3B28E1B2ACAC08E00AE53B3 /* Release */ = {
			isa = XCBuildConfiguration;
			buildSettings = {
				ASSETCATALOG_COMPILER_APPICON_NAME = AppIcon;
				ASSETCATALOG_COMPILER_GLOBAL_ACCENT_COLOR_NAME = AccentColor;
				CODE_SIGN_ENTITLEMENTS = InteractiveIntro/InteractiveIntro.entitlements;
				CODE_SIGN_STYLE = Automatic;
				CURRENT_PROJECT_VERSION = 1;
				DEVELOPMENT_ASSET_PATHS = "\"InteractiveIntro/Preview Content\"";
				ENABLE_PREVIEWS = YES;
				GENERATE_INFOPLIST_FILE = YES;
				"INFOPLIST_KEY_UIApplicationSceneManifest_Generation[sdk=iphoneos*]" = YES;
				"INFOPLIST_KEY_UIApplicationSceneManifest_Generation[sdk=iphonesimulator*]" = YES;
				"INFOPLIST_KEY_UIApplicationSupportsIndirectInputEvents[sdk=iphoneos*]" = YES;
				"INFOPLIST_KEY_UIApplicationSupportsIndirectInputEvents[sdk=iphonesimulator*]" = YES;
				"INFOPLIST_KEY_UILaunchScreen_Generation[sdk=iphoneos*]" = YES;
				"INFOPLIST_KEY_UILaunchScreen_Generation[sdk=iphonesimulator*]" = YES;
				"INFOPLIST_KEY_UIStatusBarStyle[sdk=iphoneos*]" = UIStatusBarStyleDefault;
				"INFOPLIST_KEY_UIStatusBarStyle[sdk=iphonesimulator*]" = UIStatusBarStyleDefault;
				INFOPLIST_KEY_UISupportedInterfaceOrientations_iPad = "UIInterfaceOrientationPortrait UIInterfaceOrientationPortraitUpsideDown UIInterfaceOrientationLandscapeLeft UIInterfaceOrientationLandscapeRight";
				INFOPLIST_KEY_UISupportedInterfaceOrientations_iPhone = "UIInterfaceOrientationPortrait UIInterfaceOrientationLandscapeLeft UIInterfaceOrientationLandscapeRight";
				IPHONEOS_DEPLOYMENT_TARGET = 17.0;
				LD_RUNPATH_SEARCH_PATHS = "@executable_path/Frameworks";
				"LD_RUNPATH_SEARCH_PATHS[sdk=macosx*]" = "@executable_path/../Frameworks";
				MACOSX_DEPLOYMENT_TARGET = 14.0;
				MARKETING_VERSION = 1.0;
				PRODUCT_BUNDLE_IDENTIFIER = com.test.InteractiveIntro.InteractiveIntro;
				PRODUCT_NAME = "$(TARGET_NAME)";
				SDKROOT = auto;
				SUPPORTED_PLATFORMS = "iphoneos iphonesimulator macosx";
				SWIFT_EMIT_LOC_STRINGS = YES;
				SWIFT_VERSION = 5.0;
				TARGETED_DEVICE_FAMILY = "1,2";
			};
			name = Release;
		};
/* End XCBuildConfiguration section */

/* Begin XCConfigurationList section */
		B3B28E032ACAC08D00AE53B3 /* Build configuration list for PBXProject "InteractiveIntro" */ = {
			isa = XCConfigurationList;
			buildConfigurations = (
				B3B28E172ACAC08E00AE53B3 /* Debug */,
				B3B28E182ACAC08E00AE53B3 /* Release */,
			);
			defaultConfigurationIsVisible = 0;
			defaultConfigurationName = Release;
		};
		B3B28E192ACAC08E00AE53B3 /* Build configuration list for PBXNativeTarget "InteractiveIntro" */ = {
			isa = XCConfigurationList;
			buildConfigurations = (
				B3B28E1A2ACAC08E00AE53B3 /* Debug */,
				B3B28E1B2ACAC08E00AE53B3 /* Release */,
			);
			defaultConfigurationIsVisible = 0;
			defaultConfigurationName = Release;
		};
/* End XCConfigurationList section */
	};
	rootObject = B3B28E002ACAC08D00AE53B3 /* Project object */;
}
